{
  "name": "react-exercise",
  "version": "0.1.0",
  "lockfileVersion": 1,
  "requires": true,
  "dependencies": {
    "charenc": {
      "version": "0.0.2",
      "resolved": "https://registry.npmjs.org/charenc/-/charenc-0.0.2.tgz",
      "integrity": "sha1-wKHS86cJLgN3S/qD8UwPxXkKhmc="
    },
    "crypt": {
      "version": "0.0.2",
      "resolved": "https://registry.npmjs.org/crypt/-/crypt-0.0.2.tgz",
      "integrity": "sha1-iNf/fsDfuG9xPch7u0LQRNPmxBs="
    },
    "eventemitter3": {
      "version": "1.2.0",
      "resolved": "https://registry.npmjs.org/eventemitter3/-/eventemitter3-1.2.0.tgz",
      "integrity": "sha1-HIaZHYFq0eUEdQ5zh0Ik7PO+xQg="
    },
    "is-buffer": {
      "version": "1.1.6",
      "resolved": "https://registry.npmjs.org/is-buffer/-/is-buffer-1.1.6.tgz",
      "integrity": "sha512-NcdALwpXkTm5Zvvbk7owOUSvVvBKDgKP5/ewfXEznmQFfs4ZRmanOeKBTjRVjka3QFoN6XJ+9F3USqfHqTaU5w=="
    },
    "md5": {
      "version": "2.2.1",
      "resolved": "https://registry.npmjs.org/md5/-/md5-2.2.1.tgz",
      "integrity": "sha1-U6s41f48iJG6RlMp6iP6wFQBJvk=",
      "requires": {
        "charenc": "0.0.2",
        "crypt": "0.0.2",
        "is-buffer": "1.1.6"
      }
    },
    "reflux": {
      "version": "6.4.1",
      "resolved": "https://registry.npmjs.org/reflux/-/reflux-6.4.1.tgz",
      "integrity": "sha1-i7urr/VM8bgiM9Z90lQv2tKo1ng=",
      "requires": {
        "eventemitter3": "1.2.0",
        "reflux-core": "1.0.0"
      }
    },
    "reflux-core": {
      "version": "1.0.0",
      "resolved": "https://registry.npmjs.org/reflux-core/-/reflux-core-1.0.0.tgz",
      "integrity": "sha1-65uq4tUIcTJK25MSWDwS4HDNYdM=",
      "requires": {
        "eventemitter3": "1.2.0"
      }
    }
  }
}
